
Microsoft Visual Studio Solution File, Format Version 12.00
# Visual Studio Version 17
VisualStudioVersion = 17.11.35222.181
MinimumVisualStudioVersion = 10.0.40219.1
Project("{9A19103F-16F7-4668-BE54-9A1E7A4F7556}") = "OnClocService.Core", "OnClocService.Core\OnClocService.Core.csproj", "{69D893D1-9B35-41E8-8E4A-66CD356AFEB2}"
EndProject
Project("{9A19103F-16F7-4668-BE54-9A1E7A4F7556}") = "OnClocService.Domain", "OnClocService.Domain\OnClocService.Domain.csproj", "{949E21E8-0034-43D7-A821-41F707160DAA}"
EndProject
Project("{9A19103F-16F7-4668-BE54-9A1E7A4F7556}") = "OnClocService.Infrastructure", "OnClocService.Infrastructure\OnClocService.Infrastructure.csproj", "{A02BD596-C517-4026-BB15-EE0887C7A864}"
EndProject
Project("{9A19103F-16F7-4668-BE54-9A1E7A4F7556}") = "OnClocService.Portal", "OnClocService.Portal\OnClocService.Portal.csproj", "{E70E6E7E-4E65-456C-B3DD-625E0030C6EE}"
EndProject
Project("{FAE04EC0-301F-11D3-BF4B-00C04F79EFBC}") = "OnClocService.Window", "OnClocService.Window\OnClocService.Window.csproj", "{F62D6A27-74DB-48D4-A28B-739F8BD217BF}"
	ProjectSection(ProjectDependencies) = postProject
		{69D893D1-9B35-41E8-8E4A-66CD356AFEB2} = {69D893D1-9B35-41E8-8E4A-66CD356AFEB2}
		{A02BD596-C517-4026-BB15-EE0887C7A864} = {A02BD596-C517-4026-BB15-EE0887C7A864}
	EndProjectSection
EndProject
Global
	GlobalSection(SolutionConfigurationPlatforms) = preSolution
		Debug|Any CPU = Debug|Any CPU
		Release|Any CPU = Release|Any CPU
	EndGlobalSection
	GlobalSection(ProjectConfigurationPlatforms) = postSolution
		{69D893D1-9B35-41E8-8E4A-66CD356AFEB2}.Debug|Any CPU.ActiveCfg = Debug|Any CPU
		{69D893D1-9B35-41E8-8E4A-66CD356AFEB2}.Debug|Any CPU.Build.0 = Debug|Any CPU
		{69D893D1-9B35-41E8-8E4A-66CD356AFEB2}.Release|Any CPU.ActiveCfg = Release|Any CPU
		{69D893D1-9B35-41E8-8E4A-66CD356AFEB2}.Release|Any CPU.Build.0 = Release|Any CPU
		{949E21E8-0034-43D7-A821-41F707160DAA}.Debug|Any CPU.ActiveCfg = Debug|Any CPU
		{949E21E8-0034-43D7-A821-41F707160DAA}.Debug|Any CPU.Build.0 = Debug|Any CPU
		{949E21E8-0034-43D7-A821-41F707160DAA}.Release|Any CPU.ActiveCfg = Release|Any CPU
		{949E21E8-0034-43D7-A821-41F707160DAA}.Release|Any CPU.Build.0 = Release|Any CPU
		{A02BD596-C517-4026-BB15-EE0887C7A864}.Debug|Any CPU.ActiveCfg = Debug|Any CPU
		{A02BD596-C517-4026-BB15-EE0887C7A864}.Debug|Any CPU.Build.0 = Debug|Any CPU
		{A02BD596-C517-4026-BB15-EE0887C7A864}.Release|Any CPU.ActiveCfg = Release|Any CPU
		{A02BD596-C517-4026-BB15-EE0887C7A864}.Release|Any CPU.Build.0 = Release|Any CPU
		{E70E6E7E-4E65-456C-B3DD-625E0030C6EE}.Debug|Any CPU.ActiveCfg = Debug|Any CPU
		{E70E6E7E-4E65-456C-B3DD-625E0030C6EE}.Debug|Any CPU.Build.0 = Debug|Any CPU
		{E70E6E7E-4E65-456C-B3DD-625E0030C6EE}.Release|Any CPU.ActiveCfg = Release|Any CPU
		{E70E6E7E-4E65-456C-B3DD-625E0030C6EE}.Release|Any CPU.Build.0 = Release|Any CPU
		{F62D6A27-74DB-48D4-A28B-739F8BD217BF}.Debug|Any CPU.ActiveCfg = Debug|Any CPU
		{F62D6A27-74DB-48D4-A28B-739F8BD217BF}.Debug|Any CPU.Build.0 = Debug|Any CPU
		{F62D6A27-74DB-48D4-A28B-739F8BD217BF}.Release|Any CPU.ActiveCfg = Release|Any CPU
		{F62D6A27-74DB-48D4-A28B-739F8BD217BF}.Release|Any CPU.Build.0 = Release|Any CPU
	EndGlobalSection
	GlobalSection(SolutionProperties) = preSolution
		HideSolutionNode = FALSE
	EndGlobalSection
	GlobalSection(ExtensibilityGlobals) = postSolution
		SolutionGuid = {7126F030-3306-496E-BF17-ACFB3E88E1B6}
	EndGlobalSection
EndGlobal
